
Microsoft Visual Studio Solution File, Format Version 12.00
# Visual Studio 2013
VisualStudioVersion = 12.0.31101.0
MinimumVisualStudioVersion = 10.0.40219.1
Project("{8BC9CEB8-8B4A-11D0-8D11-00A0C91BC942}") = "datalink", "datalink.vcxproj", "{2328338C-E651-43D5-8C71-A21B2662A0C2}"
EndProject
Global
	GlobalSection(SolutionConfigurationPlatforms) = preSolution
		Debug|Win32 = Debug|Win32
		Release|Win32 = Release|Win32
	EndGlobalSection
	GlobalSection(ProjectConfigurationPlatforms) = postSolution
		{2328338C-E651-43D5-8C71-A21B2662A0C2}.Debug|Win32.ActiveCfg = Debug|Win32
		{2328338C-E651-43D5-8C71-A21B2662A0C2}.Debug|Win32.Build.0 = Debug|Win32
		{2328338C-E651-43D5-8C71-A21B2662A0C2}.Release|Win32.ActiveCfg = Release|Win32
		{2328338C-E651-43D5-8C71-A21B2662A0C2}.Release|Win32.Build.0 = Release|Win32
	EndGlobalSection
	GlobalSection(SolutionProperties) = preSolution
		HideSolutionNode = FALSE
	EndGlobalSection
EndGlobal
